# THIS IS AN AUTOGENERATED FILE. DO NOT EDIT THIS FILE DIRECTLY.
# yarn lockfile v1


typed.js@^3.0.0:
  version "3.0.0"
  resolved "https://registry.yarnpkg.com/typed.js/-/typed.js-3.0.0.tgz#952085c82d8f4c2abd69491cb96d2dc0b1fa2c88"
  integrity sha512-X4pjf0E7riZBo6j3NS21/7cJJ20osSOtD1OxlRoKfFU3GsdPuSpWlFcIKWf0k8uoKwBBrPuHGx+fKeU6GzRcKg==
